Microsoft Visual Studio Solution File, Format Version 12.00
# Visual Studio Version 17
VisualStudioVersion = 17.5.2.0
MinimumVisualStudioVersion = 10.0.40219.1
Project("{FAE04EC0-301F-11D3-BF4B-00C04F79EFBC}") = "demo_files", "demo_files.csproj", "{844D6A0A-BFB0-75C6-998F-2F09737EA7CA}"
EndProject
Global
	GlobalSection(SolutionConfigurationPlatforms) = preSolution
		Debug|Any CPU = Debug|Any CPU
		Release|Any CPU = Release|Any CPU
	EndGlobalSection
	GlobalSection(ProjectConfigurationPlatforms) = postSolution
		{844D6A0A-BFB0-75C6-998F-2F09737EA7CA}.Debug|Any CPU.ActiveCfg = Debug|Any CPU
		{844D6A0A-BFB0-75C6-998F-2F09737EA7CA}.Debug|Any CPU.Build.0 = Debug|Any CPU
		{844D6A0A-BFB0-75C6-998F-2F09737EA7CA}.Release|Any CPU.ActiveCfg = Release|Any CPU
		{844D6A0A-BFB0-75C6-998F-2F09737EA7CA}.Release|Any CPU.Build.0 = Release|Any CPU
	EndGlobalSection
	GlobalSection(SolutionProperties) = preSolution
		HideSolutionNode = FALSE
	EndGlobalSection
	GlobalSection(ExtensibilityGlobals) = postSolution
		SolutionGuid = {87C88969-A47A-448D-8EA6-CD735F23C228}
	EndGlobalSection
EndGlobal
